
Microsoft Visual Studio Solution File, Format Version 12.00
# Visual Studio Version 17
VisualStudioVersion = 17.6.33723.286
MinimumVisualStudioVersion = 10.0.40219.1
Project("{9A19103F-16F7-4668-BE54-9A1E7A4F7556}") = "BodyBank", "BodyBank\BodyBank.csproj", "{F778DADB-04B5-4E62-AA50-5B85C49E56C7}"
EndProject
Global
	GlobalSection(SolutionConfigurationPlatforms) = preSolution
		Debug|Any CPU = Debug|Any CPU
		Release|Any CPU = Release|Any CPU
	EndGlobalSection
	GlobalSection(ProjectConfigurationPlatforms) = postSolution
		{F778DADB-04B5-4E62-AA50-5B85C49E56C7}.Debug|Any CPU.ActiveCfg = Debug|Any CPU
		{F778DADB-04B5-4E62-AA50-5B85C49E56C7}.Debug|Any CPU.Build.0 = Debug|Any CPU
		{F778DADB-04B5-4E62-AA50-5B85C49E56C7}.Release|Any CPU.ActiveCfg = Release|Any CPU
		{F778DADB-04B5-4E62-AA50-5B85C49E56C7}.Release|Any CPU.Build.0 = Release|Any CPU
	EndGlobalSection
	GlobalSection(SolutionProperties) = preSolution
		HideSolutionNode = FALSE
	EndGlobalSection
	GlobalSection(ExtensibilityGlobals) = postSolution
		SolutionGuid = {8029707C-72D1-4ACB-83C1-33E43550F213}
	EndGlobalSection
EndGlobal
